<?xml version="1.0" encoding="utf-8"?>
<Project ToolsVersion="4.0" xmlns="http://schemas.microsoft.com/developer/msbuild/2003">
  <ItemGroup>
    <Filter Include="Resource Files">
      <UniqueIdentifier>{67DA6AB6-F800-4c08-8B7A-83BB121AAD01}</UniqueIdentifier>
      <Extensions>rc;ico;cur;bmp;dlg;rc2;rct;bin;rgs;gif;jpg;jpeg;jpe;resx;tiff;tif;png;wav;mfcribbon-ms</Extensions>
    </Filter>
    <Filter Include="Source Files">
      <UniqueIdentifier>{4FC737F1-C7A5-4376-A066-2A32D752A2FF}</UniqueIdentifier>
      <Extensions>cpp;c;cc;cxx;def;odl;idl;hpj;bat;asm;asmx</Extensions>
    </Filter>
    <Filter Include="Header Files">
      <UniqueIdentifier>{93995380-89BD-4b04-88EB-625FBE52EBFB}</UniqueIdentifier>
      <Extensions>h;hh;hpp;hxx;hm;inl;inc;ipp;xsd</Extensions>
    </Filter>
  </ItemGroup>
  <ItemGroup>
    <ClCompile Include="src\AtlantScanner.cpp">
      <Filter>Source Files</Filter>
    </ClCompile>
    <ClCompile Include="src\Authenticator.cpp">
      <Filter>Source Files</Filter>
    </ClCompile>
    <ClCompile Include="src\AuthTokenFetcher.cpp">
      <Filter>Source Files</Filter>
    </ClCompile>
    <ClCompile Include="src\ContentMetadata.cpp">
      <Filter>Source Files</Filter>
    </ClCompile>
    <ClCompile Include="src\FileScanner.cpp">
      <Filter>Source Files</Filter>
    </ClCompile>
    <ClCompile Include="src\HTTPCommunicationImpl.cpp">
      <Filter>Source Files</Filter>
    </ClCompile>
    <ClCompile Include="src\MultipartRequestBuilder.cpp">
      <Filter>Source Files</Filter>
    </ClCompile>
    <ClCompile Include="src\ScanMetadata.cpp">
      <Filter>Source Files</Filter>
    </ClCompile>
    <ClCompile Include="src\ScanPoller.cpp">
      <Filter>Source Files</Filter>
    </ClCompile>
    <ClCompile Include="src\ScanSettings.cpp">
      <Filter>Source Files</Filter>
    </ClCompile>
  </ItemGroup>
  <ItemGroup>
    <ClInclude Include="include\Authenticator.hpp">
      <Filter>Header Files</Filter>
    </ClInclude>
    <ClInclude Include="include\AuthToken.hpp">
      <Filter>Header Files</Filter>
    </ClInclude>
    <ClInclude Include="include\AuthTokenFetcher.hpp">
      <Filter>Header Files</Filter>
    </ClInclude>
    <ClInclude Include="include\ContentMetadata.hpp">
      <Filter>Header Files</Filter>
    </ClInclude>
    <ClInclude Include="include\Detection.hpp">
      <Filter>Header Files</Filter>
    </ClInclude>
    <ClInclude Include="include\FileScanner.hpp">
      <Filter>Header Files</Filter>
    </ClInclude>
    <ClInclude Include="include\HTTPCommunication.hpp">
      <Filter>Header Files</Filter>
    </ClInclude>
    <ClInclude Include="include\HTTPCommunicationImpl.hpp">
      <Filter>Header Files</Filter>
    </ClInclude>
    <ClInclude Include="include\MultipartRequestBuilder.hpp">
      <Filter>Header Files</Filter>
    </ClInclude>
    <ClInclude Include="include\ScanMetadata.hpp">
      <Filter>Header Files</Filter>
    </ClInclude>
    <ClInclude Include="include\ScanPoller.hpp">
      <Filter>Header Files</Filter>
    </ClInclude>
    <ClInclude Include="include\ScanResult.hpp">
      <Filter>Header Files</Filter>
    </ClInclude>
    <ClInclude Include="include\ScanSettings.hpp">
      <Filter>Header Files</Filter>
    </ClInclude>
    <ClInclude Include="include\APIException.hpp">
      <Filter>Header Files</Filter>
    </ClInclude>
  </ItemGroup>
</Project>